github.com/MikeAustin71/errpref v1.6.1 h1:ovnHL0KBOH/7J9jAMmG6nAXu9wPcdK0a0wP+E/GiHoA=
github.com/MikeAustin71/errpref v1.6.1/go.mod h1:DpSJw5aoiOGZUDO1QAZR1iE5WIsMhcOWJhhRA+D2HWM=
github.com/MikeAustin71/strmech v0.0.1 h1:DXiVITEkx+NifsDS0m853n4gfoE70v31VLRwnGHUR2I=
github.com/MikeAustin71/strmech v0.0.1/go.mod h1:QjTC8kJ+FW19yZz9x5GK9o4IOHDfYoud/rb6ZlVlu5I=
